
Microsoft Visual Studio Solution File, Format Version 12.00
# Visual Studio Version 17
VisualStudioVersion = 17.0.32112.339
MinimumVisualStudioVersion = 10.0.40219.1
Project("{FAE04EC0-301F-11D3-BF4B-00C04F79EFBC}") = "WindowsForms2", "WindowsForms2\WindowsForms2.csproj", "{DF849258-0727-437E-8362-26D101C838A2}"
EndProject
Global
	GlobalSection(SolutionConfigurationPlatforms) = preSolution
		Debug|Any CPU = Debug|Any CPU
		Release|Any CPU = Release|Any CPU
	EndGlobalSection
	GlobalSection(ProjectConfigurationPlatforms) = postSolution
		{DF849258-0727-437E-8362-26D101C838A2}.Debug|Any CPU.ActiveCfg = Debug|Any CPU
		{DF849258-0727-437E-8362-26D101C838A2}.Debug|Any CPU.Build.0 = Debug|Any CPU
		{DF849258-0727-437E-8362-26D101C838A2}.Release|Any CPU.ActiveCfg = Release|Any CPU
		{DF849258-0727-437E-8362-26D101C838A2}.Release|Any CPU.Build.0 = Release|Any CPU
	EndGlobalSection
	GlobalSection(SolutionProperties) = preSolution
		HideSolutionNode = FALSE
	EndGlobalSection
	GlobalSection(ExtensibilityGlobals) = postSolution
		SolutionGuid = {2BA04544-8903-4BF3-84C0-18D141211262}
	EndGlobalSection
EndGlobal
