
Microsoft Visual Studio Solution File, Format Version 12.00
# Visual Studio Version 17
VisualStudioVersion = 17.0.32112.339
MinimumVisualStudioVersion = 10.0.40219.1
Project("{FAE04EC0-301F-11D3-BF4B-00C04F79EFBC}") = "BoxMessage", "BoxMessage\BoxMessage.csproj", "{12674FF1-9BFA-4A48-A375-2A488B8A0E83}"
EndProject
Global
	GlobalSection(SolutionConfigurationPlatforms) = preSolution
		Debug|Any CPU = Debug|Any CPU
		Release|Any CPU = Release|Any CPU
	EndGlobalSection
	GlobalSection(ProjectConfigurationPlatforms) = postSolution
		{12674FF1-9BFA-4A48-A375-2A488B8A0E83}.Debug|Any CPU.ActiveCfg = Debug|Any CPU
		{12674FF1-9BFA-4A48-A375-2A488B8A0E83}.Debug|Any CPU.Build.0 = Debug|Any CPU
		{12674FF1-9BFA-4A48-A375-2A488B8A0E83}.Release|Any CPU.ActiveCfg = Release|Any CPU
		{12674FF1-9BFA-4A48-A375-2A488B8A0E83}.Release|Any CPU.Build.0 = Release|Any CPU
	EndGlobalSection
	GlobalSection(SolutionProperties) = preSolution
		HideSolutionNode = FALSE
	EndGlobalSection
	GlobalSection(ExtensibilityGlobals) = postSolution
		SolutionGuid = {69AD2A4C-6B29-4483-AF78-47D3E9BDDB54}
	EndGlobalSection
EndGlobal
